{
  "name": "projetJS",
  "lockfileVersion": 2,
  "requires": true,
  "packages": {
    "": {
      "dependencies": {
        "@vue/composition-api": "^1.0.0-rc.6"
      }
    },
    "node_modules/@vue/composition-api": {
      "version": "1.0.0-rc.6",
      "resolved": "https://registry.npmjs.org/@vue/composition-api/-/composition-api-1.0.0-rc.6.tgz",
      "integrity": "sha512-M3jsyDBozQFqAPYdM4GCoVZEljIHsTVdcq5fZx9axpKz9ChIlQngxNf1ziLVaJvWX7T+MO1rVTEx6Xjgg/gUcQ==",
      "dependencies": {
        "tslib": "^2.1.0"
      },
      "peerDependencies": {
        "vue": ">= 2.5 < 3"
      }
    },
    "node_modules/tslib": {
      "version": "2.1.0",
      "resolved": "https://registry.npmjs.org/tslib/-/tslib-2.1.0.tgz",
      "integrity": "sha512-hcVC3wYEziELGGmEEXue7D75zbwIIVUMWAVbHItGPx0ziyXxrOMQx4rQEVEV45Ut/1IotuEvwqPopzIOkDMf0A=="
    },
    "node_modules/vue": {
      "version": "2.6.12",
      "resolved": "https://registry.npmjs.org/vue/-/vue-2.6.12.tgz",
      "integrity": "sha512-uhmLFETqPPNyuLLbsKz6ioJ4q7AZHzD8ZVFNATNyICSZouqP2Sz0rotWQC8UNBF6VGSCs5abnKJoStA6JbCbfg==",
      "peer": true
    }
  },
  "dependencies": {
    "@vue/composition-api": {
      "version": "1.0.0-rc.6",
      "resolved": "https://registry.npmjs.org/@vue/composition-api/-/composition-api-1.0.0-rc.6.tgz",
      "integrity": "sha512-M3jsyDBozQFqAPYdM4GCoVZEljIHsTVdcq5fZx9axpKz9ChIlQngxNf1ziLVaJvWX7T+MO1rVTEx6Xjgg/gUcQ==",
      "requires": {
        "tslib": "^2.1.0"
      }
    },
    "tslib": {
      "version": "2.1.0",
      "resolved": "https://registry.npmjs.org/tslib/-/tslib-2.1.0.tgz",
      "integrity": "sha512-hcVC3wYEziELGGmEEXue7D75zbwIIVUMWAVbHItGPx0ziyXxrOMQx4rQEVEV45Ut/1IotuEvwqPopzIOkDMf0A=="
    },
    "vue": {
      "version": "2.6.12",
      "resolved": "https://registry.npmjs.org/vue/-/vue-2.6.12.tgz",
      "integrity": "sha512-uhmLFETqPPNyuLLbsKz6ioJ4q7AZHzD8ZVFNATNyICSZouqP2Sz0rotWQC8UNBF6VGSCs5abnKJoStA6JbCbfg==",
      "peer": true
    }
  }
}
